// !$*UTF8*$!
{
	archiveVersion = 1;
	classes = {
	};
	objectVersion = 56;
	objects = {

/* Begin PBXBuildFile section */
		66231D6E2ACC1B1500D2BEF7 /* MeetmiApp.swift in Sources */ = {isa = PBXBuildFile; fileRef = 66231D6D2ACC1B1500D2BEF7 /* MeetmiApp.swift */; };
		66231D702ACC1B1600D2BEF7 /* ContentView.swift in Sources */ = {isa = PBXBuildFile; fileRef = 66231D6F2ACC1B1600D2BEF7 /* ContentView.swift */; };
		66231D722ACC1B1A00D2BEF7 /* Assets.xcassets in Resources */ = {isa = PBXBuildFile; fileRef = 66231D712ACC1B1A00D2BEF7 /* Assets.xcassets */; };
		66231D762ACC1B1A00D2BEF7 /* Preview Assets.xcassets in Resources */ = {isa = PBXBuildFile; fileRef = 66231D752ACC1B1A00D2BEF7 /* Preview Assets.xcassets */; };
		66231D802ACC1B1B00D2BEF7 /* MeetmiTests.swift in Sources */ = {isa = PBXBuildFile; fileRef = 66231D7F2ACC1B1B00D2BEF7 /* MeetmiTests.swift */; };
		66231D8A2ACC1B1B00D2BEF7 /* MeetmiUITests.swift in Sources */ = {isa = PBXBuildFile; fileRef = 66231D892ACC1B1B00D2BEF7 /* MeetmiUITests.swift */; };
		66231D8C2ACC1B1B00D2BEF7 /* MeetmiUITestsLaunchTests.swift in Sources */ = {isa = PBXBuildFile; fileRef = 66231D8B2ACC1B1B00D2BEF7 /* MeetmiUITestsLaunchTests.swift */; };
/* End PBXBuildFile section */

/* Begin PBXContainerItemProxy section */
		66231D7C2ACC1B1B00D2BEF7 /* PBXContainerItemProxy */ = {
			isa = PBXContainerItemProxy;
			containerPortal = 66231D622ACC1B1500D2BEF7 /* Project object */;
			proxyType = 1;
			remoteGlobalIDString = 66231D692ACC1B1500D2BEF7;
			remoteInfo = Meetmi;
		};
		66231D862ACC1B1B00D2BEF7 /* PBXContainerItemProxy */ = {
			isa = PBXContainerItemProxy;
			containerPortal = 66231D622ACC1B1500D2BEF7 /* Project object */;
			proxyType = 1;
			remoteGlobalIDString = 66231D692ACC1B1500D2BEF7;
			remoteInfo = Meetmi;
		};
/* End PBXContainerItemProxy section */

/* Begin PBXFileReference section */
		66231D6A2ACC1B1500D2BEF7 /* Meetmi.app */ = {isa = PBXFileReference; explicitFileType = wrapper.application; includeInIndex = 0; path = Meetmi.app; sourceTree = BUILT_PRODUCTS_DIR; };
		66231D6D2ACC1B1500D2BEF7 /* MeetmiApp.swift */ = {isa = PBXFileReference; lastKnownFileType = sourcecode.swift; path = MeetmiApp.swift; sourceTree = "<group>"; };
		66231D6F2ACC1B1600D2BEF7 /* ContentView.swift */ = {isa = PBXFileReference; lastKnownFileType = sourcecode.swift; path = ContentView.swift; sourceTree = "<group>"; };
		66231D712ACC1B1A00D2BEF7 /* Assets.xcassets */ = {isa = PBXFileReference; lastKnownFileType = folder.assetcatalog; path = Assets.xcassets; sourceTree = "<group>"; };
		66231D732ACC1B1A00D2BEF7 /* Meetmi.entitlements */ = {isa = PBXFileReference; lastKnownFileType = text.plist.entitlements; path = Meetmi.entitlements; sourceTree = "<group>"; };
		66231D752ACC1B1A00D2BEF7 /* Preview Assets.xcassets */ = {isa = PBXFileReference; lastKnownFileType = folder.assetcatalog; path = "Preview Assets.xcassets"; sourceTree = "<group>"; };
		66231D7B2ACC1B1B00D2BEF7 /* MeetmiTests.xctest */ = {isa = PBXFileReference; explicitFileType = wrapper.cfbundle; includeInIndex = 0; path = MeetmiTests.xctest; sourceTree = BUILT_PRODUCTS_DIR; };
		66231D7F2ACC1B1B00D2BEF7 /* MeetmiTests.swift */ = {isa = PBXFileReference; lastKnownFileType = sourcecode.swift; path = MeetmiTests.swift; sourceTree = "<group>"; };
		66231D852ACC1B1B00D2BEF7 /* MeetmiUITests.xctest */ = {isa = PBXFileReference; explicitFileType = wrapper.cfbundle; includeInIndex = 0; path = MeetmiUITests.xctest; sourceTree = BUILT_PRODUCTS_DIR; };
		66231D892ACC1B1B00D2BEF7 /* MeetmiUITests.swift */ = {isa = PBXFileReference; lastKnownFileType = sourcecode.swift; path = MeetmiUITests.swift; sourceTree = "<group>"; };
		66231D8B2ACC1B1B00D2BEF7 /* MeetmiUITestsLaunchTests.swift */ = {isa = PBXFileReference; lastKnownFileType = sourcecode.swift; path = MeetmiUITestsLaunchTests.swift; sourceTree = "<group>"; };
/* End PBXFileReference section */

/* Begin PBXFrameworksBuildPhase section */
		66231D672ACC1B1500D2BEF7 /* Frameworks */ = {
			isa = PBXFrameworksBuildPhase;
			buildActionMask = 2147483647;
			files = (
			);
			runOnlyForDeploymentPostprocessing = 0;
		};
		66231D782ACC1B1B00D2BEF7 /* Frameworks */ = {
			isa = PBXFrameworksBuildPhase;
			buildActionMask = 2147483647;
			files = (
			);
			runOnlyForDeploymentPostprocessing = 0;
		};
		66231D822ACC1B1B00D2BEF7 /* Frameworks */ = {
			isa = PBXFrameworksBuildPhase;
			buildActionMask = 2147483647;
			files = (
			);
			runOnlyForDeploymentPostprocessing = 0;
		};
/* End PBXFrameworksBuildPhase section */

/* Begin PBXGroup section */
		66231D612ACC1B1500D2BEF7 = {
			isa = PBXGroup;
			children = (
				66231D6C2ACC1B1500D2BEF7 /* Meetmi */,
				66231D7E2ACC1B1B00D2BEF7 /* MeetmiTests */,
				66231D882ACC1B1B00D2BEF7 /* MeetmiUITests */,
				66231D6B2ACC1B1500D2BEF7 /* Products */,
			);
			sourceTree = "<group>";
		};
		66231D6B2ACC1B1500D2BEF7 /* Products */ = {
			isa = PBXGroup;
			children = (
				66231D6A2ACC1B1500D2BEF7 /* Meetmi.app */,
				66231D7B2ACC1B1B00D2BEF7 /* MeetmiTests.xctest */,
				66231D852ACC1B1B00D2BEF7 /* MeetmiUITests.xctest */,
			);
			name = Products;
			sourceTree = "<group>";
		};
		66231D6C2ACC1B1500D2BEF7 /* Meetmi */ = {
			isa = PBXGroup;
			children = (
				66231D6D2ACC1B1500D2BEF7 /* MeetmiApp.swift */,
				66231D6F2ACC1B1600D2BEF7 /* ContentView.swift */,
				66231D712ACC1B1A00D2BEF7 /* Assets.xcassets */,
				66231D732ACC1B1A00D2BEF7 /* Meetmi.entitlements */,
				66231D742ACC1B1A00D2BEF7 /* Preview Content */,
			);
			path = Meetmi;
			sourceTree = "<group>";
		};
		66231D742ACC1B1A00D2BEF7 /* Preview Content */ = {
			isa = PBXGroup;
			children = (
				66231D752ACC1B1A00D2BEF7 /* Preview Assets.xcassets */,
			);
			path = "Preview Content";
			sourceTree = "<group>";
		};
		66231D7E2ACC1B1B00D2BEF7 /* MeetmiTests */ = {
			isa = PBXGroup;
			children = (
				66231D7F2ACC1B1B00D2BEF7 /* MeetmiTests.swift */,
			);
			path = MeetmiTests;
			sourceTree = "<group>";
		};
		66231D882ACC1B1B00D2BEF7 /* MeetmiUITests */ = {
			isa = PBXGroup;
			children = (
				66231D892ACC1B1B00D2BEF7 /* MeetmiUITests.swift */,
				66231D8B2ACC1B1B00D2BEF7 /* MeetmiUITestsLaunchTests.swift */,
			);
			path = MeetmiUITests;
			sourceTree = "<group>";
		};
/* End PBXGroup section */

/* Begin PBXNativeTarget section */
		66231D692ACC1B1500D2BEF7 /* Meetmi */ = {
			isa = PBXNativeTarget;
			buildConfigurationList = 66231D8F2ACC1B1B00D2BEF7 /* Build configuration list for PBXNativeTarget "Meetmi" */;
			buildPhases = (
				66231D662ACC1B1500D2BEF7 /* Sources */,
				66231D672ACC1B1500D2BEF7 /* Frameworks */,
				66231D682ACC1B1500D2BEF7 /* Resources */,
			);
			buildRules = (
			);
			dependencies = (
			);
			name = Meetmi;
			productName = Meetmi;
			productReference = 66231D6A2ACC1B1500D2BEF7 /* Meetmi.app */;
			productType = "com.apple.product-type.application";
		};
		66231D7A2ACC1B1B00D2BEF7 /* MeetmiTests */ = {
			isa = PBXNativeTarget;
			buildConfigurationList = 66231D922ACC1B1B00D2BEF7 /* Build configuration list for PBXNativeTarget "MeetmiTests" */;
			buildPhases = (
				66231D772ACC1B1B00D2BEF7 /* Sources */,
				66231D782ACC1B1B00D2BEF7 /* Frameworks */,
				66231D792ACC1B1B00D2BEF7 /* Resources */,
			);
			buildRules = (
			);
			dependencies = (
				66231D7D2ACC1B1B00D2BEF7 /* PBXTargetDependency */,
			);
			name = MeetmiTests;
			productName = MeetmiTests;
			productReference = 66231D7B2ACC1B1B00D2BEF7 /* MeetmiTests.xctest */;
			productType = "com.apple.product-type.bundle.unit-test";
		};
		66231D842ACC1B1B00D2BEF7 /* MeetmiUITests */ = {
			isa = PBXNativeTarget;
			buildConfigurationList = 66231D952ACC1B1B00D2BEF7 /* Build configuration list for PBXNativeTarget "MeetmiUITests" */;
			buildPhases = (
				66231D812ACC1B1B00D2BEF7 /* Sources */,
				66231D822ACC1B1B00D2BEF7 /* Frameworks */,
				66231D832ACC1B1B00D2BEF7 /* Resources */,
			);
			buildRules = (
			);
			dependencies = (
				66231D872ACC1B1B00D2BEF7 /* PBXTargetDependency */,
			);
			name = MeetmiUITests;
			productName = MeetmiUITests;
			productReference = 66231D852ACC1B1B00D2BEF7 /* MeetmiUITests.xctest */;
			productType = "com.apple.product-type.bundle.ui-testing";
		};
/* End PBXNativeTarget section */

/* Begin PBXProject section */
		66231D622ACC1B1500D2BEF7 /* Project object */ = {
			isa = PBXProject;
			attributes = {
				BuildIndependentTargetsInParallel = 1;
				LastSwiftUpdateCheck = 1420;
				LastUpgradeCheck = 1420;
				TargetAttributes = {
					66231D692ACC1B1500D2BEF7 = {
						CreatedOnToolsVersion = 14.2;
					};
					66231D7A2ACC1B1B00D2BEF7 = {
						CreatedOnToolsVersion = 14.2;
						TestTargetID = 66231D692ACC1B1500D2BEF7;
					};
					66231D842ACC1B1B00D2BEF7 = {
						CreatedOnToolsVersion = 14.2;
						TestTargetID = 66231D692ACC1B1500D2BEF7;
					};
				};
			};
			buildConfigurationList = 66231D652ACC1B1500D2BEF7 /* Build configuration list for PBXProject "Meetmi" */;
			compatibilityVersion = "Xcode 14.0";
			developmentRegion = en;
			hasScannedForEncodings = 0;
			knownRegions = (
				en,
				Base,
			);
			mainGroup = 66231D612ACC1B1500D2BEF7;
			productRefGroup = 66231D6B2ACC1B1500D2BEF7 /* Products */;
			projectDirPath = "";
			projectRoot = "";
			targets = (
				66231D692ACC1B1500D2BEF7 /* Meetmi */,
				66231D7A2ACC1B1B00D2BEF7 /* MeetmiTests */,
				66231D842ACC1B1B00D2BEF7 /* MeetmiUITests */,
			);
		};
/* End PBXProject section */

/* Begin PBXResourcesBuildPhase section */
		66231D682ACC1B1500D2BEF7 /* Resources */ = {
			isa = PBXResourcesBuildPhase;
			buildActionMask = 2147483647;
			files = (
				66231D762ACC1B1A00D2BEF7 /* Preview Assets.xcassets in Resources */,
				66231D722ACC1B1A00D2BEF7 /* Assets.xcassets in Resources */,
			);
			runOnlyForDeploymentPostprocessing = 0;
		};
		66231D792ACC1B1B00D2BEF7 /* Resources */ = {
			isa = PBXResourcesBuildPhase;
			buildActionMask = 2147483647;
			files = (
			);
			runOnlyForDeploymentPostprocessing = 0;
		};
		66231D832ACC1B1B00D2BEF7 /* Resources */ = {
			isa = PBXResourcesBuildPhase;
			buildActionMask = 2147483647;
			files = (
			);
			runOnlyForDeploymentPostprocessing = 0;
		};
/* End PBXResourcesBuildPhase section */

/* Begin PBXSourcesBuildPhase section */
		66231D662ACC1B1500D2BEF7 /* Sources */ = {
			isa = PBXSourcesBuildPhase;
			buildActionMask = 2147483647;
			files = (
				66231D702ACC1B1600D2BEF7 /* ContentView.swift in Sources */,
				66231D6E2ACC1B1500D2BEF7 /* MeetmiApp.swift in Sources */,
			);
			runOnlyForDeploymentPostprocessing = 0;
		};
		66231D772ACC1B1B00D2BEF7 /* Sources */ = {
			isa = PBXSourcesBuildPhase;
			buildActionMask = 2147483647;
			files = (
				66231D802ACC1B1B00D2BEF7 /* MeetmiTests.swift in Sources */,
			);
			runOnlyForDeploymentPostprocessing = 0;
		};
		66231D812ACC1B1B00D2BEF7 /* Sources */ = {
			isa = PBXSourcesBuildPhase;
			buildActionMask = 2147483647;
			files = (
				66231D8A2ACC1B1B00D2BEF7 /* MeetmiUITests.swift in Sources */,
				66231D8C2ACC1B1B00D2BEF7 /* MeetmiUITestsLaunchTests.swift in Sources */,
			);
			runOnlyForDeploymentPostprocessing = 0;
		};
/* End PBXSourcesBuildPhase section */

/* Begin PBXTargetDependency section */
		66231D7D2ACC1B1B00D2BEF7 /* PBXTargetDependency */ = {
			isa = PBXTargetDependency;
			target = 66231D692ACC1B1500D2BEF7 /* Meetmi */;
			targetProxy = 66231D7C2ACC1B1B00D2BEF7 /* PBXContainerItemProxy */;
		};
		66231D872ACC1B1B00D2BEF7 /* PBXTargetDependency */ = {
			isa = PBXTargetDependency;
			target = 66231D692ACC1B1500D2BEF7 /* Meetmi */;
			targetProxy = 66231D862ACC1B1B00D2BEF7 /* PBXContainerItemProxy */;
		};
/* End PBXTargetDependency section */

/* Begin XCBuildConfiguration section */
		66231D8D2ACC1B1B00D2BEF7 /* Debug */ = {
			isa = XCBuildConfiguration;
			buildSettings = {
				ALWAYS_SEARCH_USER_PATHS = NO;
				CLANG_ANALYZER_NONNULL = YES;
				CLANG_ANALYZER_NUMBER_OBJECT_CONVERSION = YES_AGGRESSIVE;
				CLANG_CXX_LANGUAGE_STANDARD = "gnu++20";
				CLANG_ENABLE_MODULES = YES;
				CLANG_ENABLE_OBJC_ARC = YES;
				CLANG_ENABLE_OBJC_WEAK = YES;
				CLANG_WARN_BLOCK_CAPTURE_AUTORELEASING = YES;
				CLANG_WARN_BOOL_CONVERSION = YES;
				CLANG_WARN_COMMA = YES;
				CLANG_WARN_CONSTANT_CONVERSION = YES;
				CLANG_WARN_DEPRECATED_OBJC_IMPLEMENTATIONS = YES;
				CLANG_WARN_DIRECT_OBJC_ISA_USAGE = YES_ERROR;
				CLANG_WARN_DOCUMENTATION_COMMENTS = YES;
				CLANG_WARN_EMPTY_BODY = YES;
				CLANG_WARN_ENUM_CONVERSION = YES;
				CLANG_WARN_INFINITE_RECURSION = YES;
				CLANG_WARN_INT_CONVERSION = YES;
				CLANG_WARN_NON_LITERAL_NULL_CONVERSION = YES;
				CLANG_WARN_OBJC_IMPLICIT_RETAIN_SELF = YES;
				CLANG_WARN_OBJC_LITERAL_CONVERSION = YES;
				CLANG_WARN_OBJC_ROOT_CLASS = YES_ERROR;
				CLANG_WARN_QUOTED_INCLUDE_IN_FRAMEWORK_HEADER = YES;
				CLANG_WARN_RANGE_LOOP_ANALYSIS = YES;
				CLANG_WARN_STRICT_PROTOTYPES = YES;
				CLANG_WARN_SUSPICIOUS_MOVE = YES;
				CLANG_WARN_UNGUARDED_AVAILABILITY = YES_AGGRESSIVE;
				CLANG_WARN_UNREACHABLE_CODE = YES;
				CLANG_WARN__DUPLICATE_METHOD_MATCH = YES;
				COPY_PHASE_STRIP = NO;
				DEBUG_INFORMATION_FORMAT = dwarf;
				ENABLE_STRICT_OBJC_MSGSEND = YES;
				ENABLE_TESTABILITY = YES;
				GCC_C_LANGUAGE_STANDARD = gnu11;
				GCC_DYNAMIC_NO_PIC = NO;
				GCC_NO_COMMON_BLOCKS = YES;
				GCC_OPTIMIZATION_LEVEL = 0;
				GCC_PREPROCESSOR_DEFINITIONS = (
					"DEBUG=1",
					"$(inherited)",
				);
				GCC_WARN_64_TO_32_BIT_CONVERSION = YES;
				GCC_WARN_ABOUT_RETURN_TYPE = YES_ERROR;
				GCC_WARN_UNDECLARED_SELECTOR = YES;
				GCC_WARN_UNINITIALIZED_AUTOS = YES_AGGRESSIVE;
				GCC_WARN_UNUSED_FUNCTION = YES;
				GCC_WARN_UNUSED_VARIABLE = YES;
				MTL_ENABLE_DEBUG_INFO = INCLUDE_SOURCE;
				MTL_FAST_MATH = YES;
				ONLY_ACTIVE_ARCH = YES;
				SWIFT_ACTIVE_COMPILATION_CONDITIONS = DEBUG;
				SWIFT_OPTIMIZATION_LEVEL = "-Onone";
			};
			name = Debug;
		};
		66231D8E2ACC1B1B00D2BEF7 /* Release */ = {
			isa = XCBuildConfiguration;
			buildSettings = {
				ALWAYS_SEARCH_USER_PATHS = NO;
				CLANG_ANALYZER_NONNULL = YES;
				CLANG_ANALYZER_NUMBER_OBJECT_CONVERSION = YES_AGGRESSIVE;
				CLANG_CXX_LANGUAGE_STANDARD = "gnu++20";
				CLANG_ENABLE_MODULES = YES;
				CLANG_ENABLE_OBJC_ARC = YES;
				CLANG_ENABLE_OBJC_WEAK = YES;
				CLANG_WARN_BLOCK_CAPTURE_AUTORELEASING = YES;
				CLANG_WARN_BOOL_CONVERSION = YES;
				CLANG_WARN_COMMA = YES;
				CLANG_WARN_CONSTANT_CONVERSION = YES;
				CLANG_WARN_DEPRECATED_OBJC_IMPLEMENTATIONS = YES;
				CLANG_WARN_DIRECT_OBJC_ISA_USAGE = YES_ERROR;
				CLANG_WARN_DOCUMENTATION_COMMENTS = YES;
				CLANG_WARN_EMPTY_BODY = YES;
				CLANG_WARN_ENUM_CONVERSION = YES;
				CLANG_WARN_INFINITE_RECURSION = YES;
				CLANG_WARN_INT_CONVERSION = YES;
				CLANG_WARN_NON_LITERAL_NULL_CONVERSION = YES;
				CLANG_WARN_OBJC_IMPLICIT_RETAIN_SELF = YES;
				CLANG_WARN_OBJC_LITERAL_CONVERSION = YES;
				CLANG_WARN_OBJC_ROOT_CLASS = YES_ERROR;
				CLANG_WARN_QUOTED_INCLUDE_IN_FRAMEWORK_HEADER = YES;
				CLANG_WARN_RANGE_LOOP_ANALYSIS = YES;
				CLANG_WARN_STRICT_PROTOTYPES = YES;
				CLANG_WARN_SUSPICIOUS_MOVE = YES;
				CLANG_WARN_UNGUARDED_AVAILABILITY = YES_AGGRESSIVE;
				CLANG_WARN_UNREACHABLE_CODE = YES;
				CLANG_WARN__DUPLICATE_METHOD_MATCH = YES;
				COPY_PHASE_STRIP = NO;
				DEBUG_INFORMATION_FORMAT = "dwarf-with-dsym";
				ENABLE_NS_ASSERTIONS = NO;
				ENABLE_STRICT_OBJC_MSGSEND = YES;
				GCC_C_LANGUAGE_STANDARD = gnu11;
				GCC_NO_COMMON_BLOCKS = YES;
				GCC_WARN_64_TO_32_BIT_CONVERSION = YES;
				GCC_WARN_ABOUT_RETURN_TYPE = YES_ERROR;
				GCC_WARN_UNDECLARED_SELECTOR = YES;
				GCC_WARN_UNINITIALIZED_AUTOS = YES_AGGRESSIVE;
				GCC_WARN_UNUSED_FUNCTION = YES;
				GCC_WARN_UNUSED_VARIABLE = YES;
				MTL_ENABLE_DEBUG_INFO = NO;
				MTL_FAST_MATH = YES;
				SWIFT_COMPILATION_MODE = wholemodule;
				SWIFT_OPTIMIZATION_LEVEL = "-O";
			};
			name = Release;
		};
		66231D902ACC1B1B00D2BEF7 /* Debug */ = {
			isa = XCBuildConfiguration;
			buildSettings = {
				ASSETCATALOG_COMPILER_APPICON_NAME = AppIcon;
				ASSETCATALOG_COMPILER_GLOBAL_ACCENT_COLOR_NAME = AccentColor;
				CODE_SIGN_ENTITLEMENTS = Meetmi/Meetmi.entitlements;
				CODE_SIGN_STYLE = Automatic;
				CURRENT_PROJECT_VERSION = 1;
				DEVELOPMENT_ASSET_PATHS = "\"Meetmi/Preview Content\"";
				ENABLE_PREVIEWS = YES;
				GENERATE_INFOPLIST_FILE = YES;
				"INFOPLIST_KEY_UIApplicationSceneManifest_Generation[sdk=iphoneos*]" = YES;
				"INFOPLIST_KEY_UIApplicationSceneManifest_Generation[sdk=iphonesimulator*]" = YES;
				"INFOPLIST_KEY_UIApplicationSupportsIndirectInputEvents[sdk=iphoneos*]" = YES;
				"INFOPLIST_KEY_UIApplicationSupportsIndirectInputEvents[sdk=iphonesimulator*]" = YES;
				"INFOPLIST_KEY_UILaunchScreen_Generation[sdk=iphoneos*]" = YES;
				"INFOPLIST_KEY_UILaunchScreen_Generation[sdk=iphonesimulator*]" = YES;
				"INFOPLIST_KEY_UIStatusBarStyle[sdk=iphoneos*]" = UIStatusBarStyleDefault;
				"INFOPLIST_KEY_UIStatusBarStyle[sdk=iphonesimulator*]" = UIStatusBarStyleDefault;
				INFOPLIST_KEY_UISupportedInterfaceOrientations_iPad = "UIInterfaceOrientationPortrait UIInterfaceOrientationPortraitUpsideDown UIInterfaceOrientationLandscapeLeft UIInterfaceOrientationLandscapeRight";
				INFOPLIST_KEY_UISupportedInterfaceOrientations_iPhone = "UIInterfaceOrientationPortrait UIInterfaceOrientationLandscapeLeft UIInterfaceOrientationLandscapeRight";
				IPHONEOS_DEPLOYMENT_TARGET = 16.2;
				LD_RUNPATH_SEARCH_PATHS = "@executable_path/Frameworks";
				"LD_RUNPATH_SEARCH_PATHS[sdk=macosx*]" = "@executable_path/../Frameworks";
				MACOSX_DEPLOYMENT_TARGET = 12.6;
				MARKETING_VERSION = 1.0;
				PRODUCT_BUNDLE_IDENTIFIER = meetmi.social.Meetmi;
				PRODUCT_NAME = "$(TARGET_NAME)";
				SDKROOT = auto;
				SUPPORTED_PLATFORMS = "iphoneos iphonesimulator macosx";
				SWIFT_EMIT_LOC_STRINGS = YES;
				SWIFT_VERSION = 5.0;
				TARGETED_DEVICE_FAMILY = "1,2";
			};
			name = Debug;
		};
		66231D912ACC1B1B00D2BEF7 /* Release */ = {
			isa = XCBuildConfiguration;
			buildSettings = {
				ASSETCATALOG_COMPILER_APPICON_NAME = AppIcon;
				ASSETCATALOG_COMPILER_GLOBAL_ACCENT_COLOR_NAME = AccentColor;
				CODE_SIGN_ENTITLEMENTS = Meetmi/Meetmi.entitlements;
				CODE_SIGN_STYLE = Automatic;
				CURRENT_PROJECT_VERSION = 1;
				DEVELOPMENT_ASSET_PATHS = "\"Meetmi/Preview Content\"";
				ENABLE_PREVIEWS = YES;
				GENERATE_INFOPLIST_FILE = YES;
				"INFOPLIST_KEY_UIApplicationSceneManifest_Generation[sdk=iphoneos*]" = YES;
				"INFOPLIST_KEY_UIApplicationSceneManifest_Generation[sdk=iphonesimulator*]" = YES;
				"INFOPLIST_KEY_UIApplicationSupportsIndirectInputEvents[sdk=iphoneos*]" = YES;
				"INFOPLIST_KEY_UIApplicationSupportsIndirectInputEvents[sdk=iphonesimulator*]" = YES;
				"INFOPLIST_KEY_UILaunchScreen_Generation[sdk=iphoneos*]" = YES;
				"INFOPLIST_KEY_UILaunchScreen_Generation[sdk=iphonesimulator*]" = YES;
				"INFOPLIST_KEY_UIStatusBarStyle[sdk=iphoneos*]" = UIStatusBarStyleDefault;
				"INFOPLIST_KEY_UIStatusBarStyle[sdk=iphonesimulator*]" = UIStatusBarStyleDefault;
				INFOPLIST_KEY_UISupportedInterfaceOrientations_iPad = "UIInterfaceOrientationPortrait UIInterfaceOrientationPortraitUpsideDown UIInterfaceOrientationLandscapeLeft UIInterfaceOrientationLandscapeRight";
				INFOPLIST_KEY_UISupportedInterfaceOrientations_iPhone = "UIInterfaceOrientationPortrait UIInterfaceOrientationLandscapeLeft UIInterfaceOrientationLandscapeRight";
				IPHONEOS_DEPLOYMENT_TARGET = 16.2;
				LD_RUNPATH_SEARCH_PATHS = "@executable_path/Frameworks";
				"LD_RUNPATH_SEARCH_PATHS[sdk=macosx*]" = "@executable_path/../Frameworks";
				MACOSX_DEPLOYMENT_TARGET = 12.6;
				MARKETING_VERSION = 1.0;
				PRODUCT_BUNDLE_IDENTIFIER = meetmi.social.Meetmi;
				PRODUCT_NAME = "$(TARGET_NAME)";
				SDKROOT = auto;
				SUPPORTED_PLATFORMS = "iphoneos iphonesimulator macosx";
				SWIFT_EMIT_LOC_STRINGS = YES;
				SWIFT_VERSION = 5.0;
				TARGETED_DEVICE_FAMILY = "1,2";
			};
			name = Release;
		};
		66231D932ACC1B1B00D2BEF7 /* Debug */ = {
			isa = XCBuildConfiguration;
			buildSettings = {
				ALWAYS_EMBED_SWIFT_STANDARD_LIBRARIES = YES;
				BUNDLE_LOADER = "$(TEST_HOST)";
				CODE_SIGN_STYLE = Automatic;
				CURRENT_PROJECT_VERSION = 1;
				GENERATE_INFOPLIST_FILE = YES;
				IPHONEOS_DEPLOYMENT_TARGET = 16.2;
				MACOSX_DEPLOYMENT_TARGET = 12.6;
				MARKETING_VERSION = 1.0;
				PRODUCT_BUNDLE_IDENTIFIER = meetmi.social.MeetmiTests;
				PRODUCT_NAME = "$(TARGET_NAME)";
				SDKROOT = auto;
				SUPPORTED_PLATFORMS = "iphoneos iphonesimulator macosx";
				SWIFT_EMIT_LOC_STRINGS = NO;
				SWIFT_VERSION = 5.0;
				TARGETED_DEVICE_FAMILY = "1,2";
				TEST_HOST = "$(BUILT_PRODUCTS_DIR)/Meetmi.app/$(BUNDLE_EXECUTABLE_FOLDER_PATH)/Meetmi";
			};
			name = Debug;
		};
		66231D942ACC1B1B00D2BEF7 /* Release */ = {
			isa = XCBuildConfiguration;
			buildSettings = {
				ALWAYS_EMBED_SWIFT_STANDARD_LIBRARIES = YES;
				BUNDLE_LOADER = "$(TEST_HOST)";
				CODE_SIGN_STYLE = Automatic;
				CURRENT_PROJECT_VERSION = 1;
				GENERATE_INFOPLIST_FILE = YES;
				IPHONEOS_DEPLOYMENT_TARGET = 16.2;
				MACOSX_DEPLOYMENT_TARGET = 12.6;
				MARKETING_VERSION = 1.0;
				PRODUCT_BUNDLE_IDENTIFIER = meetmi.social.MeetmiTests;
				PRODUCT_NAME = "$(TARGET_NAME)";
				SDKROOT = auto;
				SUPPORTED_PLATFORMS = "iphoneos iphonesimulator macosx";
				SWIFT_EMIT_LOC_STRINGS = NO;
				SWIFT_VERSION = 5.0;
				TARGETED_DEVICE_FAMILY = "1,2";
				TEST_HOST = "$(BUILT_PRODUCTS_DIR)/Meetmi.app/$(BUNDLE_EXECUTABLE_FOLDER_PATH)/Meetmi";
			};
			name = Release;
		};
		66231D962ACC1B1B00D2BEF7 /* Debug */ = {
			isa = XCBuildConfiguration;
			buildSettings = {
				ALWAYS_EMBED_SWIFT_STANDARD_LIBRARIES = YES;
				CODE_SIGN_STYLE = Automatic;
				CURRENT_PROJECT_VERSION = 1;
				GENERATE_INFOPLIST_FILE = YES;
				IPHONEOS_DEPLOYMENT_TARGET = 16.2;
				MACOSX_DEPLOYMENT_TARGET = 12.6;
				MARKETING_VERSION = 1.0;
				PRODUCT_BUNDLE_IDENTIFIER = meetmi.social.MeetmiUITests;
				PRODUCT_NAME = "$(TARGET_NAME)";
				SDKROOT = auto;
				SUPPORTED_PLATFORMS = "iphoneos iphonesimulator macosx";
				SWIFT_EMIT_LOC_STRINGS = NO;
				SWIFT_VERSION = 5.0;
				TARGETED_DEVICE_FAMILY = "1,2";
				TEST_TARGET_NAME = Meetmi;
			};
			name = Debug;
		};
		66231D972ACC1B1B00D2BEF7 /* Release */ = {
			isa = XCBuildConfiguration;
			buildSettings = {
				ALWAYS_EMBED_SWIFT_STANDARD_LIBRARIES = YES;
				CODE_SIGN_STYLE = Automatic;
				CURRENT_PROJECT_VERSION = 1;
				GENERATE_INFOPLIST_FILE = YES;
				IPHONEOS_DEPLOYMENT_TARGET = 16.2;
				MACOSX_DEPLOYMENT_TARGET = 12.6;
				MARKETING_VERSION = 1.0;
				PRODUCT_BUNDLE_IDENTIFIER = meetmi.social.MeetmiUITests;
				PRODUCT_NAME = "$(TARGET_NAME)";
				SDKROOT = auto;
				SUPPORTED_PLATFORMS = "iphoneos iphonesimulator macosx";
				SWIFT_EMIT_LOC_STRINGS = NO;
				SWIFT_VERSION = 5.0;
				TARGETED_DEVICE_FAMILY = "1,2";
				TEST_TARGET_NAME = Meetmi;
			};
			name = Release;
		};
/* End XCBuildConfiguration section */

/* Begin XCConfigurationList section */
		66231D652ACC1B1500D2BEF7 /* Build configuration list for PBXProject "Meetmi" */ = {
			isa = XCConfigurationList;
			buildConfigurations = (
				66231D8D2ACC1B1B00D2BEF7 /* Debug */,
				66231D8E2ACC1B1B00D2BEF7 /* Release */,
			);
			defaultConfigurationIsVisible = 0;
			defaultConfigurationName = Release;
		};
		66231D8F2ACC1B1B00D2BEF7 /* Build configuration list for PBXNativeTarget "Meetmi" */ = {
			isa = XCConfigurationList;
			buildConfigurations = (
				66231D902ACC1B1B00D2BEF7 /* Debug */,
				66231D912ACC1B1B00D2BEF7 /* Release */,
			);
			defaultConfigurationIsVisible = 0;
			defaultConfigurationName = Release;
		};
		66231D922ACC1B1B00D2BEF7 /* Build configuration list for PBXNativeTarget "MeetmiTests" */ = {
			isa = XCConfigurationList;
			buildConfigurations = (
				66231D932ACC1B1B00D2BEF7 /* Debug */,
				66231D942ACC1B1B00D2BEF7 /* Release */,
			);
			defaultConfigurationIsVisible = 0;
			defaultConfigurationName = Release;
		};
		66231D952ACC1B1B00D2BEF7 /* Build configuration list for PBXNativeTarget "MeetmiUITests" */ = {
			isa = XCConfigurationList;
			buildConfigurations = (
				66231D962ACC1B1B00D2BEF7 /* Debug */,
				66231D972ACC1B1B00D2BEF7 /* Release */,
			);
			defaultConfigurationIsVisible = 0;
			defaultConfigurationName = Release;
		};
/* End XCConfigurationList section */
	};
	rootObject = 66231D622ACC1B1500D2BEF7 /* Project object */;
}
